
Microsoft Visual Studio Solution File, Format Version 12.00
# Visual Studio Version 17
VisualStudioVersion = 17.3.32811.315
MinimumVisualStudioVersion = 10.0.40219.1
Project("{FAE04EC0-301F-11D3-BF4B-00C04F79EFBC}") = "ProyectoPoliza", "ProyectoPoliza\ProyectoPoliza.csproj", "{46BFF820-0974-4BDB-ACA7-582677624E0D}"
EndProject
Global
	GlobalSection(SolutionConfigurationPlatforms) = preSolution
		Debug|Any CPU = Debug|Any CPU
		Release|Any CPU = Release|Any CPU
	EndGlobalSection
	GlobalSection(ProjectConfigurationPlatforms) = postSolution
		{46BFF820-0974-4BDB-ACA7-582677624E0D}.Debug|Any CPU.ActiveCfg = Debug|Any CPU
		{46BFF820-0974-4BDB-ACA7-582677624E0D}.Debug|Any CPU.Build.0 = Debug|Any CPU
		{46BFF820-0974-4BDB-ACA7-582677624E0D}.Release|Any CPU.ActiveCfg = Release|Any CPU
		{46BFF820-0974-4BDB-ACA7-582677624E0D}.Release|Any CPU.Build.0 = Release|Any CPU
	EndGlobalSection
	GlobalSection(SolutionProperties) = preSolution
		HideSolutionNode = FALSE
	EndGlobalSection
	GlobalSection(ExtensibilityGlobals) = postSolution
		SolutionGuid = {0551D1C2-C2AD-4564-8972-78D97CA539FA}
	EndGlobalSection
EndGlobal
